Microsoft Visual Studio Solution File, Format Version 12.00
# Visual Studio Version 17
VisualStudioVersion = 17.0.31903.59
MinimumVisualStudioVersion = 10.0.40219.1
Project("{2150E333-8FDC-42A3-9474-1A3956D46DE8}") = "src", "src", "{827E0CD3-B72D-47B6-A68D-7590B98EB39B}"
EndProject
Project("{2150E333-8FDC-42A3-9474-1A3956D46DE8}") = "API", "API", "{81034408-37C8-1011-444E-4C15C2FADA8E}"
EndProject
Project("{FAE04EC0-301F-11D3-BF4B-00C04F79EFBC}") = "SolutionName.API", "src\API\SolutionName.API\SolutionName.API.csproj", "{C0A7B346-81ED-421B-9455-21439666D47B}"
EndProject
Project("{2150E333-8FDC-42A3-9474-1A3956D46DE8}") = "Core", "Core", "{8D626EA8-CB54-BC41-363A-217881BEBA6E}"
EndProject
Project("{FAE04EC0-301F-11D3-BF4B-00C04F79EFBC}") = "SolutionName.Application", "src\Core\SolutionName.Application\SolutionName.Application.csproj", "{E6E3D2B6-3D8C-46C0-9B78-0E06F48E83A5}"
EndProject
Project("{FAE04EC0-301F-11D3-BF4B-00C04F79EFBC}") = "SolutionName.Domain", "src\Core\SolutionName.Domain\SolutionName.Domain.csproj", "{A9023856-FEB0-43E4-B957-78099AAD8C2D}"
EndProject
Project("{2150E333-8FDC-42A3-9474-1A3956D46DE8}") = "Infrastructure", "Infrastructure", "{9048EB7F-3875-A59E-E36B-5BD4C6F2A282}"
EndProject
Project("{FAE04EC0-301F-11D3-BF4B-00C04F79EFBC}") = "SolutionName.Infrastructure", "src\Infrastructure\SolutionName.Infrastructure\SolutionName.Infrastructure.csproj", "{BF8350E8-B746-409A-88A1-E9A90F4A17F1}"
EndProject
Project("{FAE04EC0-301F-11D3-BF4B-00C04F79EFBC}") = "SolutionName.Persistence", "src\Infrastructure\SolutionName.Persistence\SolutionName.Persistence.csproj", "{DEB28285-7F9A-4E07-B0EB-55DD24EC6EB5}"
EndProject
Project("{2150E333-8FDC-42A3-9474-1A3956D46DE8}") = "tests", "tests", "{02EA681E-C7D8-13C7-8484-4AC65E1B71E8}"
EndProject
Project("{2150E333-8FDC-42A3-9474-1A3956D46DE8}") = "API", "API", "{5D33E786-F8E9-4FF5-A1ED-AC293EC35349}"
EndProject
Project("{2150E333-8FDC-42A3-9474-1A3956D46DE8}") = "Core", "Core", "{17B4F662-0E44-40B0-8402-A2644D85537E}"
EndProject
Project("{2150E333-8FDC-42A3-9474-1A3956D46DE8}") = "Infrastructure", "Infrastructure", "{FC72D2E9-0B49-4491-B839-BEA452E2907F}"
EndProject
Project("{2150E333-8FDC-42A3-9474-1A3956D46DE8}") = "IntegrationTests", "IntegrationTests", "{82DC55C9-629D-4A83-9AE0-FE9245E6BF3D}"
EndProject
Project("{2150E333-8FDC-42A3-9474-1A3956D46DE8}") = "UnitTests", "UnitTests", "{EAFF8E5A-AA05-48D4-9200-20D5B673CBF9}"
EndProject
Project("{FAE04EC0-301F-11D3-BF4B-00C04F79EFBC}") = "SolutionName.Persistence.IntegrationTests", "tests\IntegrationTests\SolutionName.Persistence.IntegrationTests\SolutionName.Persistence.IntegrationTests.csproj", "{501EDF60-A195-4801-B4BD-F43E3ACA8F4A}"
EndProject
Project("{FAE04EC0-301F-11D3-BF4B-00C04F79EFBC}") = "SolutionName.API.IntegrationTests", "tests\IntegrationTests\SolutionName.API.IntegrationTests\SolutionName.API.IntegrationTests.csproj", "{CEDAB979-BCEB-48B9-A6A5-0C823A16C3B4}"
EndProject
Project("{FAE04EC0-301F-11D3-BF4B-00C04F79EFBC}") = "SolutionName.Tests.Common", "tests\SolutionName.Tests.Common\SolutionName.Tests.Common.csproj", "{747B48AE-AD63-CB8C-E0D9-5E4C6D8FA979}"
EndProject
Project("{FAE04EC0-301F-11D3-BF4B-00C04F79EFBC}") = "SolutionName.Infrastructure.IntegrationTests", "tests\IntegrationTests\SolutionName.Infrastructure.IntegrationTests\SolutionName.Infrastructure.IntegrationTests.csproj", "{FC03734A-8F2E-676E-840C-73A4E59AE289}"
EndProject
Project("{FAE04EC0-301F-11D3-BF4B-00C04F79EFBC}") = "SolutionName.API.Tests", "tests\UnitTests\API\SolutionName.API.Tests\SolutionName.API.Tests.csproj", "{53F4C691-31D1-ED6B-9B1B-20AA4B02EFA2}"
EndProject
Project("{FAE04EC0-301F-11D3-BF4B-00C04F79EFBC}") = "SolutionName.Application.Tests", "tests\UnitTests\Core\SolutionName.Application.Tests\SolutionName.Application.Tests.csproj", "{9E4077CD-0CF7-DDEB-1913-2FDE2F567CF6}"
EndProject
Project("{FAE04EC0-301F-11D3-BF4B-00C04F79EFBC}") = "SolutionName.Domain.Tests", "tests\UnitTests\Core\SolutionName.Domain.Tests\SolutionName.Domain.Tests.csproj", "{B900601F-5BAF-ED5A-AF46-5CF5DE05FCB6}"
EndProject
Project("{FAE04EC0-301F-11D3-BF4B-00C04F79EFBC}") = "SolutionName.Infrastructure.Tests", "tests\UnitTests\Infrastructure\SolutionName.Infrastructure.Tests\SolutionName.Infrastructure.Tests.csproj", "{23DEA39D-8820-05FA-73F5-7F90BB618CFA}"
EndProject
Project("{FAE04EC0-301F-11D3-BF4B-00C04F79EFBC}") = "SolutionName.Persistence.Tests", "tests\UnitTests\Infrastructure\SolutionName.Persistence.Tests\SolutionName.Persistence.Tests.csproj", "{2630FAFA-0E28-6991-78DA-BDA7AC00BF03}"
EndProject
Project("{E53339B2-1760-4266-BCC7-CA923CBCF16C}") = "docker-compose", "docker-compose.dcproj", "{81DDED9D-158B-E303-5F62-77A2896D2A5A}"
EndProject
Global
	GlobalSection(SolutionConfigurationPlatforms) = preSolution
		Debug|Any CPU = Debug|Any CPU
		Debug|x64 = Debug|x64
		Debug|x86 = Debug|x86
		Release|Any CPU = Release|Any CPU
		Release|x64 = Release|x64
		Release|x86 = Release|x86
	EndGlobalSection
	GlobalSection(ProjectConfigurationPlatforms) = postSolution
		{C0A7B346-81ED-421B-9455-21439666D47B}.Debug|Any CPU.ActiveCfg = Debug|Any CPU
		{C0A7B346-81ED-421B-9455-21439666D47B}.Debug|Any CPU.Build.0 = Debug|Any CPU
		{C0A7B346-81ED-421B-9455-21439666D47B}.Debug|x64.ActiveCfg = Debug|Any CPU
		{C0A7B346-81ED-421B-9455-21439666D47B}.Debug|x64.Build.0 = Debug|Any CPU
		{C0A7B346-81ED-421B-9455-21439666D47B}.Debug|x86.ActiveCfg = Debug|Any CPU
		{C0A7B346-81ED-421B-9455-21439666D47B}.Debug|x86.Build.0 = Debug|Any CPU
		{C0A7B346-81ED-421B-9455-21439666D47B}.Release|Any CPU.ActiveCfg = Release|Any CPU
		{C0A7B346-81ED-421B-9455-21439666D47B}.Release|Any CPU.Build.0 = Release|Any CPU
		{C0A7B346-81ED-421B-9455-21439666D47B}.Release|x64.ActiveCfg = Release|Any CPU
		{C0A7B346-81ED-421B-9455-21439666D47B}.Release|x64.Build.0 = Release|Any CPU
		{C0A7B346-81ED-421B-9455-21439666D47B}.Release|x86.ActiveCfg = Release|Any CPU
		{C0A7B346-81ED-421B-9455-21439666D47B}.Release|x86.Build.0 = Release|Any CPU
		{E6E3D2B6-3D8C-46C0-9B78-0E06F48E83A5}.Debug|Any CPU.ActiveCfg = Debug|Any CPU
		{E6E3D2B6-3D8C-46C0-9B78-0E06F48E83A5}.Debug|Any CPU.Build.0 = Debug|Any CPU
		{E6E3D2B6-3D8C-46C0-9B78-0E06F48E83A5}.Debug|x64.ActiveCfg = Debug|Any CPU
		{E6E3D2B6-3D8C-46C0-9B78-0E06F48E83A5}.Debug|x64.Build.0 = Debug|Any CPU
		{E6E3D2B6-3D8C-46C0-9B78-0E06F48E83A5}.Debug|x86.ActiveCfg = Debug|Any CPU
		{E6E3D2B6-3D8C-46C0-9B78-0E06F48E83A5}.Debug|x86.Build.0 = Debug|Any CPU
		{E6E3D2B6-3D8C-46C0-9B78-0E06F48E83A5}.Release|Any CPU.ActiveCfg = Release|Any CPU
		{E6E3D2B6-3D8C-46C0-9B78-0E06F48E83A5}.Release|Any CPU.Build.0 = Release|Any CPU
		{E6E3D2B6-3D8C-46C0-9B78-0E06F48E83A5}.Release|x64.ActiveCfg = Release|Any CPU
		{E6E3D2B6-3D8C-46C0-9B78-0E06F48E83A5}.Release|x64.Build.0 = Release|Any CPU
		{E6E3D2B6-3D8C-46C0-9B78-0E06F48E83A5}.Release|x86.ActiveCfg = Release|Any CPU
		{E6E3D2B6-3D8C-46C0-9B78-0E06F48E83A5}.Release|x86.Build.0 = Release|Any CPU
		{A9023856-FEB0-43E4-B957-78099AAD8C2D}.Debug|Any CPU.ActiveCfg = Debug|Any CPU
		{A9023856-FEB0-43E4-B957-78099AAD8C2D}.Debug|Any CPU.Build.0 = Debug|Any CPU
		{A9023856-FEB0-43E4-B957-78099AAD8C2D}.Debug|x64.ActiveCfg = Debug|Any CPU
		{A9023856-FEB0-43E4-B957-78099AAD8C2D}.Debug|x64.Build.0 = Debug|Any CPU
		{A9023856-FEB0-43E4-B957-78099AAD8C2D}.Debug|x86.ActiveCfg = Debug|Any CPU
		{A9023856-FEB0-43E4-B957-78099AAD8C2D}.Debug|x86.Build.0 = Debug|Any CPU
		{A9023856-FEB0-43E4-B957-78099AAD8C2D}.Release|Any CPU.ActiveCfg = Release|Any CPU
		{A9023856-FEB0-43E4-B957-78099AAD8C2D}.Release|Any CPU.Build.0 = Release|Any CPU
		{A9023856-FEB0-43E4-B957-78099AAD8C2D}.Release|x64.ActiveCfg = Release|Any CPU
		{A9023856-FEB0-43E4-B957-78099AAD8C2D}.Release|x64.Build.0 = Release|Any CPU
		{A9023856-FEB0-43E4-B957-78099AAD8C2D}.Release|x86.ActiveCfg = Release|Any CPU
		{A9023856-FEB0-43E4-B957-78099AAD8C2D}.Release|x86.Build.0 = Release|Any CPU
		{BF8350E8-B746-409A-88A1-E9A90F4A17F1}.Debug|Any CPU.ActiveCfg = Debug|Any CPU
		{BF8350E8-B746-409A-88A1-E9A90F4A17F1}.Debug|Any CPU.Build.0 = Debug|Any CPU
		{BF8350E8-B746-409A-88A1-E9A90F4A17F1}.Debug|x64.ActiveCfg = Debug|Any CPU
		{BF8350E8-B746-409A-88A1-E9A90F4A17F1}.Debug|x64.Build.0 = Debug|Any CPU
		{BF8350E8-B746-409A-88A1-E9A90F4A17F1}.Debug|x86.ActiveCfg = Debug|Any CPU
		{BF8350E8-B746-409A-88A1-E9A90F4A17F1}.Debug|x86.Build.0 = Debug|Any CPU
		{BF8350E8-B746-409A-88A1-E9A90F4A17F1}.Release|Any CPU.ActiveCfg = Release|Any CPU
		{BF8350E8-B746-409A-88A1-E9A90F4A17F1}.Release|Any CPU.Build.0 = Release|Any CPU
		{BF8350E8-B746-409A-88A1-E9A90F4A17F1}.Release|x64.ActiveCfg = Release|Any CPU
		{BF8350E8-B746-409A-88A1-E9A90F4A17F1}.Release|x64.Build.0 = Release|Any CPU
		{BF8350E8-B746-409A-88A1-E9A90F4A17F1}.Release|x86.ActiveCfg = Release|Any CPU
		{BF8350E8-B746-409A-88A1-E9A90F4A17F1}.Release|x86.Build.0 = Release|Any CPU
		{DEB28285-7F9A-4E07-B0EB-55DD24EC6EB5}.Debug|Any CPU.ActiveCfg = Debug|Any CPU
		{DEB28285-7F9A-4E07-B0EB-55DD24EC6EB5}.Debug|Any CPU.Build.0 = Debug|Any CPU
		{DEB28285-7F9A-4E07-B0EB-55DD24EC6EB5}.Debug|x64.ActiveCfg = Debug|Any CPU
		{DEB28285-7F9A-4E07-B0EB-55DD24EC6EB5}.Debug|x64.Build.0 = Debug|Any CPU
		{DEB28285-7F9A-4E07-B0EB-55DD24EC6EB5}.Debug|x86.ActiveCfg = Debug|Any CPU
		{DEB28285-7F9A-4E07-B0EB-55DD24EC6EB5}.Debug|x86.Build.0 = Debug|Any CPU
		{DEB28285-7F9A-4E07-B0EB-55DD24EC6EB5}.Release|Any CPU.ActiveCfg = Release|Any CPU
		{DEB28285-7F9A-4E07-B0EB-55DD24EC6EB5}.Release|Any CPU.Build.0 = Release|Any CPU
		{DEB28285-7F9A-4E07-B0EB-55DD24EC6EB5}.Release|x64.ActiveCfg = Release|Any CPU
		{DEB28285-7F9A-4E07-B0EB-55DD24EC6EB5}.Release|x64.Build.0 = Release|Any CPU
		{DEB28285-7F9A-4E07-B0EB-55DD24EC6EB5}.Release|x86.ActiveCfg = Release|Any CPU
		{DEB28285-7F9A-4E07-B0EB-55DD24EC6EB5}.Release|x86.Build.0 = Release|Any CPU
		{501EDF60-A195-4801-B4BD-F43E3ACA8F4A}.Debug|Any CPU.ActiveCfg = Debug|Any CPU
		{501EDF60-A195-4801-B4BD-F43E3ACA8F4A}.Debug|Any CPU.Build.0 = Debug|Any CPU
		{501EDF60-A195-4801-B4BD-F43E3ACA8F4A}.Debug|x64.ActiveCfg = Debug|Any CPU
		{501EDF60-A195-4801-B4BD-F43E3ACA8F4A}.Debug|x64.Build.0 = Debug|Any CPU
		{501EDF60-A195-4801-B4BD-F43E3ACA8F4A}.Debug|x86.ActiveCfg = Debug|Any CPU
		{501EDF60-A195-4801-B4BD-F43E3ACA8F4A}.Debug|x86.Build.0 = Debug|Any CPU
		{501EDF60-A195-4801-B4BD-F43E3ACA8F4A}.Release|Any CPU.ActiveCfg = Release|Any CPU
		{501EDF60-A195-4801-B4BD-F43E3ACA8F4A}.Release|Any CPU.Build.0 = Release|Any CPU
		{501EDF60-A195-4801-B4BD-F43E3ACA8F4A}.Release|x64.ActiveCfg = Release|Any CPU
		{501EDF60-A195-4801-B4BD-F43E3ACA8F4A}.Release|x64.Build.0 = Release|Any CPU
		{501EDF60-A195-4801-B4BD-F43E3ACA8F4A}.Release|x86.ActiveCfg = Release|Any CPU
		{501EDF60-A195-4801-B4BD-F43E3ACA8F4A}.Release|x86.Build.0 = Release|Any CPU
		{CEDAB979-BCEB-48B9-A6A5-0C823A16C3B4}.Debug|Any CPU.ActiveCfg = Debug|Any CPU
		{CEDAB979-BCEB-48B9-A6A5-0C823A16C3B4}.Debug|Any CPU.Build.0 = Debug|Any CPU
		{CEDAB979-BCEB-48B9-A6A5-0C823A16C3B4}.Debug|x64.ActiveCfg = Debug|Any CPU
		{CEDAB979-BCEB-48B9-A6A5-0C823A16C3B4}.Debug|x64.Build.0 = Debug|Any CPU
		{CEDAB979-BCEB-48B9-A6A5-0C823A16C3B4}.Debug|x86.ActiveCfg = Debug|Any CPU
		{CEDAB979-BCEB-48B9-A6A5-0C823A16C3B4}.Debug|x86.Build.0 = Debug|Any CPU
		{CEDAB979-BCEB-48B9-A6A5-0C823A16C3B4}.Release|Any CPU.ActiveCfg = Release|Any CPU
		{CEDAB979-BCEB-48B9-A6A5-0C823A16C3B4}.Release|Any CPU.Build.0 = Release|Any CPU
		{CEDAB979-BCEB-48B9-A6A5-0C823A16C3B4}.Release|x64.ActiveCfg = Release|Any CPU
		{CEDAB979-BCEB-48B9-A6A5-0C823A16C3B4}.Release|x64.Build.0 = Release|Any CPU
		{CEDAB979-BCEB-48B9-A6A5-0C823A16C3B4}.Release|x86.ActiveCfg = Release|Any CPU
		{CEDAB979-BCEB-48B9-A6A5-0C823A16C3B4}.Release|x86.Build.0 = Release|Any CPU
		{747B48AE-AD63-CB8C-E0D9-5E4C6D8FA979}.Debug|Any CPU.ActiveCfg = Debug|Any CPU
		{747B48AE-AD63-CB8C-E0D9-5E4C6D8FA979}.Debug|Any CPU.Build.0 = Debug|Any CPU
		{747B48AE-AD63-CB8C-E0D9-5E4C6D8FA979}.Debug|x64.ActiveCfg = Debug|Any CPU
		{747B48AE-AD63-CB8C-E0D9-5E4C6D8FA979}.Debug|x64.Build.0 = Debug|Any CPU
		{747B48AE-AD63-CB8C-E0D9-5E4C6D8FA979}.Debug|x86.ActiveCfg = Debug|Any CPU
		{747B48AE-AD63-CB8C-E0D9-5E4C6D8FA979}.Debug|x86.Build.0 = Debug|Any CPU
		{747B48AE-AD63-CB8C-E0D9-5E4C6D8FA979}.Release|Any CPU.ActiveCfg = Release|Any CPU
		{747B48AE-AD63-CB8C-E0D9-5E4C6D8FA979}.Release|Any CPU.Build.0 = Release|Any CPU
		{747B48AE-AD63-CB8C-E0D9-5E4C6D8FA979}.Release|x64.ActiveCfg = Release|Any CPU
		{747B48AE-AD63-CB8C-E0D9-5E4C6D8FA979}.Release|x64.Build.0 = Release|Any CPU
		{747B48AE-AD63-CB8C-E0D9-5E4C6D8FA979}.Release|x86.ActiveCfg = Release|Any CPU
		{747B48AE-AD63-CB8C-E0D9-5E4C6D8FA979}.Release|x86.Build.0 = Release|Any CPU
		{FC03734A-8F2E-676E-840C-73A4E59AE289}.Debug|Any CPU.ActiveCfg = Debug|Any CPU
		{FC03734A-8F2E-676E-840C-73A4E59AE289}.Debug|Any CPU.Build.0 = Debug|Any CPU
		{FC03734A-8F2E-676E-840C-73A4E59AE289}.Debug|x64.ActiveCfg = Debug|Any CPU
		{FC03734A-8F2E-676E-840C-73A4E59AE289}.Debug|x64.Build.0 = Debug|Any CPU
		{FC03734A-8F2E-676E-840C-73A4E59AE289}.Debug|x86.ActiveCfg = Debug|Any CPU
		{FC03734A-8F2E-676E-840C-73A4E59AE289}.Debug|x86.Build.0 = Debug|Any CPU
		{FC03734A-8F2E-676E-840C-73A4E59AE289}.Release|Any CPU.ActiveCfg = Release|Any CPU
		{FC03734A-8F2E-676E-840C-73A4E59AE289}.Release|Any CPU.Build.0 = Release|Any CPU
		{FC03734A-8F2E-676E-840C-73A4E59AE289}.Release|x64.ActiveCfg = Release|Any CPU
		{FC03734A-8F2E-676E-840C-73A4E59AE289}.Release|x64.Build.0 = Release|Any CPU
		{FC03734A-8F2E-676E-840C-73A4E59AE289}.Release|x86.ActiveCfg = Release|Any CPU
		{FC03734A-8F2E-676E-840C-73A4E59AE289}.Release|x86.Build.0 = Release|Any CPU
		{53F4C691-31D1-ED6B-9B1B-20AA4B02EFA2}.Debug|Any CPU.ActiveCfg = Debug|Any CPU
		{53F4C691-31D1-ED6B-9B1B-20AA4B02EFA2}.Debug|Any CPU.Build.0 = Debug|Any CPU
		{53F4C691-31D1-ED6B-9B1B-20AA4B02EFA2}.Debug|x64.ActiveCfg = Debug|Any CPU
		{53F4C691-31D1-ED6B-9B1B-20AA4B02EFA2}.Debug|x64.Build.0 = Debug|Any CPU
		{53F4C691-31D1-ED6B-9B1B-20AA4B02EFA2}.Debug|x86.ActiveCfg = Debug|Any CPU
		{53F4C691-31D1-ED6B-9B1B-20AA4B02EFA2}.Debug|x86.Build.0 = Debug|Any CPU
		{53F4C691-31D1-ED6B-9B1B-20AA4B02EFA2}.Release|Any CPU.ActiveCfg = Release|Any CPU
		{53F4C691-31D1-ED6B-9B1B-20AA4B02EFA2}.Release|Any CPU.Build.0 = Release|Any CPU
		{53F4C691-31D1-ED6B-9B1B-20AA4B02EFA2}.Release|x64.ActiveCfg = Release|Any CPU
		{53F4C691-31D1-ED6B-9B1B-20AA4B02EFA2}.Release|x64.Build.0 = Release|Any CPU
		{53F4C691-31D1-ED6B-9B1B-20AA4B02EFA2}.Release|x86.ActiveCfg = Release|Any CPU
		{53F4C691-31D1-ED6B-9B1B-20AA4B02EFA2}.Release|x86.Build.0 = Release|Any CPU
		{9E4077CD-0CF7-DDEB-1913-2FDE2F567CF6}.Debug|Any CPU.ActiveCfg = Debug|Any CPU
		{9E4077CD-0CF7-DDEB-1913-2FDE2F567CF6}.Debug|Any CPU.Build.0 = Debug|Any CPU
		{9E4077CD-0CF7-DDEB-1913-2FDE2F567CF6}.Debug|x64.ActiveCfg = Debug|Any CPU
		{9E4077CD-0CF7-DDEB-1913-2FDE2F567CF6}.Debug|x64.Build.0 = Debug|Any CPU
		{9E4077CD-0CF7-DDEB-1913-2FDE2F567CF6}.Debug|x86.ActiveCfg = Debug|Any CPU
		{9E4077CD-0CF7-DDEB-1913-2FDE2F567CF6}.Debug|x86.Build.0 = Debug|Any CPU
		{9E4077CD-0CF7-DDEB-1913-2FDE2F567CF6}.Release|Any CPU.ActiveCfg = Release|Any CPU
		{9E4077CD-0CF7-DDEB-1913-2FDE2F567CF6}.Release|Any CPU.Build.0 = Release|Any CPU
		{9E4077CD-0CF7-DDEB-1913-2FDE2F567CF6}.Release|x64.ActiveCfg = Release|Any CPU
		{9E4077CD-0CF7-DDEB-1913-2FDE2F567CF6}.Release|x64.Build.0 = Release|Any CPU
		{9E4077CD-0CF7-DDEB-1913-2FDE2F567CF6}.Release|x86.ActiveCfg = Release|Any CPU
		{9E4077CD-0CF7-DDEB-1913-2FDE2F567CF6}.Release|x86.Build.0 = Release|Any CPU
		{B900601F-5BAF-ED5A-AF46-5CF5DE05FCB6}.Debug|Any CPU.ActiveCfg = Debug|Any CPU
		{B900601F-5BAF-ED5A-AF46-5CF5DE05FCB6}.Debug|Any CPU.Build.0 = Debug|Any CPU
		{B900601F-5BAF-ED5A-AF46-5CF5DE05FCB6}.Debug|x64.ActiveCfg = Debug|Any CPU
		{B900601F-5BAF-ED5A-AF46-5CF5DE05FCB6}.Debug|x64.Build.0 = Debug|Any CPU
		{B900601F-5BAF-ED5A-AF46-5CF5DE05FCB6}.Debug|x86.ActiveCfg = Debug|Any CPU
		{B900601F-5BAF-ED5A-AF46-5CF5DE05FCB6}.Debug|x86.Build.0 = Debug|Any CPU
		{B900601F-5BAF-ED5A-AF46-5CF5DE05FCB6}.Release|Any CPU.ActiveCfg = Release|Any CPU
		{B900601F-5BAF-ED5A-AF46-5CF5DE05FCB6}.Release|Any CPU.Build.0 = Release|Any CPU
		{B900601F-5BAF-ED5A-AF46-5CF5DE05FCB6}.Release|x64.ActiveCfg = Release|Any CPU
		{B900601F-5BAF-ED5A-AF46-5CF5DE05FCB6}.Release|x64.Build.0 = Release|Any CPU
		{B900601F-5BAF-ED5A-AF46-5CF5DE05FCB6}.Release|x86.ActiveCfg = Release|Any CPU
		{B900601F-5BAF-ED5A-AF46-5CF5DE05FCB6}.Release|x86.Build.0 = Release|Any CPU
		{23DEA39D-8820-05FA-73F5-7F90BB618CFA}.Debug|Any CPU.ActiveCfg = Debug|Any CPU
		{23DEA39D-8820-05FA-73F5-7F90BB618CFA}.Debug|Any CPU.Build.0 = Debug|Any CPU
		{23DEA39D-8820-05FA-73F5-7F90BB618CFA}.Debug|x64.ActiveCfg = Debug|Any CPU
		{23DEA39D-8820-05FA-73F5-7F90BB618CFA}.Debug|x64.Build.0 = Debug|Any CPU
		{23DEA39D-8820-05FA-73F5-7F90BB618CFA}.Debug|x86.ActiveCfg = Debug|Any CPU
		{23DEA39D-8820-05FA-73F5-7F90BB618CFA}.Debug|x86.Build.0 = Debug|Any CPU
		{23DEA39D-8820-05FA-73F5-7F90BB618CFA}.Release|Any CPU.ActiveCfg = Release|Any CPU
		{23DEA39D-8820-05FA-73F5-7F90BB618CFA}.Release|Any CPU.Build.0 = Release|Any CPU
		{23DEA39D-8820-05FA-73F5-7F90BB618CFA}.Release|x64.ActiveCfg = Release|Any CPU
		{23DEA39D-8820-05FA-73F5-7F90BB618CFA}.Release|x64.Build.0 = Release|Any CPU
		{23DEA39D-8820-05FA-73F5-7F90BB618CFA}.Release|x86.ActiveCfg = Release|Any CPU
		{23DEA39D-8820-05FA-73F5-7F90BB618CFA}.Release|x86.Build.0 = Release|Any CPU
		{2630FAFA-0E28-6991-78DA-BDA7AC00BF03}.Debug|Any CPU.ActiveCfg = Debug|Any CPU
		{2630FAFA-0E28-6991-78DA-BDA7AC00BF03}.Debug|Any CPU.Build.0 = Debug|Any CPU
		{2630FAFA-0E28-6991-78DA-BDA7AC00BF03}.Debug|x64.ActiveCfg = Debug|Any CPU
		{2630FAFA-0E28-6991-78DA-BDA7AC00BF03}.Debug|x64.Build.0 = Debug|Any CPU
		{2630FAFA-0E28-6991-78DA-BDA7AC00BF03}.Debug|x86.ActiveCfg = Debug|Any CPU
		{2630FAFA-0E28-6991-78DA-BDA7AC00BF03}.Debug|x86.Build.0 = Debug|Any CPU
		{2630FAFA-0E28-6991-78DA-BDA7AC00BF03}.Release|Any CPU.ActiveCfg = Release|Any CPU
		{2630FAFA-0E28-6991-78DA-BDA7AC00BF03}.Release|Any CPU.Build.0 = Release|Any CPU
		{2630FAFA-0E28-6991-78DA-BDA7AC00BF03}.Release|x64.ActiveCfg = Release|Any CPU
		{2630FAFA-0E28-6991-78DA-BDA7AC00BF03}.Release|x64.Build.0 = Release|Any CPU
		{2630FAFA-0E28-6991-78DA-BDA7AC00BF03}.Release|x86.ActiveCfg = Release|Any CPU
		{2630FAFA-0E28-6991-78DA-BDA7AC00BF03}.Release|x86.Build.0 = Release|Any CPU
		{81DDED9D-158B-E303-5F62-77A2896D2A5A}.Debug|Any CPU.ActiveCfg = Debug|Any CPU
		{81DDED9D-158B-E303-5F62-77A2896D2A5A}.Debug|Any CPU.Build.0 = Debug|Any CPU
		{81DDED9D-158B-E303-5F62-77A2896D2A5A}.Debug|x64.ActiveCfg = Debug|Any CPU
		{81DDED9D-158B-E303-5F62-77A2896D2A5A}.Debug|x64.Build.0 = Debug|Any CPU
		{81DDED9D-158B-E303-5F62-77A2896D2A5A}.Debug|x86.ActiveCfg = Debug|Any CPU
		{81DDED9D-158B-E303-5F62-77A2896D2A5A}.Debug|x86.Build.0 = Debug|Any CPU
		{81DDED9D-158B-E303-5F62-77A2896D2A5A}.Release|Any CPU.ActiveCfg = Release|Any CPU
		{81DDED9D-158B-E303-5F62-77A2896D2A5A}.Release|Any CPU.Build.0 = Release|Any CPU
		{81DDED9D-158B-E303-5F62-77A2896D2A5A}.Release|x64.ActiveCfg = Release|Any CPU
		{81DDED9D-158B-E303-5F62-77A2896D2A5A}.Release|x64.Build.0 = Release|Any CPU
		{81DDED9D-158B-E303-5F62-77A2896D2A5A}.Release|x86.ActiveCfg = Release|Any CPU
		{81DDED9D-158B-E303-5F62-77A2896D2A5A}.Release|x86.Build.0 = Release|Any CPU
	EndGlobalSection
	GlobalSection(SolutionProperties) = preSolution
		HideSolutionNode = FALSE
	EndGlobalSection
	GlobalSection(NestedProjects) = preSolution
		{81034408-37C8-1011-444E-4C15C2FADA8E} = {827E0CD3-B72D-47B6-A68D-7590B98EB39B}
		{C0A7B346-81ED-421B-9455-21439666D47B} = {81034408-37C8-1011-444E-4C15C2FADA8E}
		{8D626EA8-CB54-BC41-363A-217881BEBA6E} = {827E0CD3-B72D-47B6-A68D-7590B98EB39B}
		{E6E3D2B6-3D8C-46C0-9B78-0E06F48E83A5} = {8D626EA8-CB54-BC41-363A-217881BEBA6E}
		{A9023856-FEB0-43E4-B957-78099AAD8C2D} = {8D626EA8-CB54-BC41-363A-217881BEBA6E}
		{9048EB7F-3875-A59E-E36B-5BD4C6F2A282} = {827E0CD3-B72D-47B6-A68D-7590B98EB39B}
		{BF8350E8-B746-409A-88A1-E9A90F4A17F1} = {9048EB7F-3875-A59E-E36B-5BD4C6F2A282}
		{DEB28285-7F9A-4E07-B0EB-55DD24EC6EB5} = {9048EB7F-3875-A59E-E36B-5BD4C6F2A282}
		{5D33E786-F8E9-4FF5-A1ED-AC293EC35349} = {EAFF8E5A-AA05-48D4-9200-20D5B673CBF9}
		{17B4F662-0E44-40B0-8402-A2644D85537E} = {EAFF8E5A-AA05-48D4-9200-20D5B673CBF9}
		{FC72D2E9-0B49-4491-B839-BEA452E2907F} = {EAFF8E5A-AA05-48D4-9200-20D5B673CBF9}
		{82DC55C9-629D-4A83-9AE0-FE9245E6BF3D} = {02EA681E-C7D8-13C7-8484-4AC65E1B71E8}
		{EAFF8E5A-AA05-48D4-9200-20D5B673CBF9} = {02EA681E-C7D8-13C7-8484-4AC65E1B71E8}
		{501EDF60-A195-4801-B4BD-F43E3ACA8F4A} = {82DC55C9-629D-4A83-9AE0-FE9245E6BF3D}
		{CEDAB979-BCEB-48B9-A6A5-0C823A16C3B4} = {82DC55C9-629D-4A83-9AE0-FE9245E6BF3D}
		{747B48AE-AD63-CB8C-E0D9-5E4C6D8FA979} = {02EA681E-C7D8-13C7-8484-4AC65E1B71E8}
		{FC03734A-8F2E-676E-840C-73A4E59AE289} = {82DC55C9-629D-4A83-9AE0-FE9245E6BF3D}
		{53F4C691-31D1-ED6B-9B1B-20AA4B02EFA2} = {5D33E786-F8E9-4FF5-A1ED-AC293EC35349}
		{9E4077CD-0CF7-DDEB-1913-2FDE2F567CF6} = {17B4F662-0E44-40B0-8402-A2644D85537E}
		{B900601F-5BAF-ED5A-AF46-5CF5DE05FCB6} = {17B4F662-0E44-40B0-8402-A2644D85537E}
		{23DEA39D-8820-05FA-73F5-7F90BB618CFA} = {FC72D2E9-0B49-4491-B839-BEA452E2907F}
		{2630FAFA-0E28-6991-78DA-BDA7AC00BF03} = {FC72D2E9-0B49-4491-B839-BEA452E2907F}
	EndGlobalSection
	GlobalSection(ExtensibilityGlobals) = postSolution
		SolutionGuid = {DDE9EEDD-A332-4DA3-91D0-1C544FE7D5DB}
	EndGlobalSection
EndGlobal
